
Microsoft Visual Studio Solution File, Format Version 12.00
# Visual Studio Version 17
VisualStudioVersion = 17.0.31710.8
MinimumVisualStudioVersion = 10.0.40219.1
Project("{9A19103F-16F7-4668-BE54-9A1E7A4F7556}") = "XFiler", "XFiler\XFiler.csproj", "{D4CF15CA-DFE3-481A-8B5F-E713450DA93F}"
EndProject
Project("{2150E333-8FDC-42A3-9474-1A3956D46DE8}") = "Sdk", "Sdk", "{238F966F-4A92-455E-8B96-E329A3C67A9B}"
EndProject
Project("{2150E333-8FDC-42A3-9474-1A3956D46DE8}") = "Plugins", "Plugins", "{15ACF1E9-FF7D-4934-B3E0-A7783F2F0838}"
EndProject
Project("{9A19103F-16F7-4668-BE54-9A1E7A4F7556}") = "XFiler.SDK", "SDK\XFiler.SDK\XFiler.SDK.csproj", "{A7787238-3B49-4DF9-81A7-FDF283B57317}"
EndProject
Project("{9A19103F-16F7-4668-BE54-9A1E7A4F7556}") = "XFiler.Base", "Plugins\XFiler.Base\XFiler.Base.csproj", "{30EE3604-B9CF-4F0C-AD10-9259D8BEF0A4}"
EndProject
Project("{9A19103F-16F7-4668-BE54-9A1E7A4F7556}") = "XFiler.GoogleChromeStyle", "Themes\XFiler.GoogleChromeStyle\XFiler.GoogleChromeStyle.csproj", "{B99E18DE-A09E-43DD-A152-2E1B4727A053}"
EndProject
Project("{9A19103F-16F7-4668-BE54-9A1E7A4F7556}") = "XFiler.BaseStyle", "Themes\XFiler.BaseStyle\XFiler.BaseStyle.csproj", "{B0E649D5-A8DC-48D6-B702-0DC386905AA6}"
EndProject
Project("{2150E333-8FDC-42A3-9474-1A3956D46DE8}") = "Solution Items", "Solution Items", "{119F32D5-EAB1-425A-8732-D2E39C746408}"
	ProjectSection(SolutionItems) = preProject
		Directory.Build.props = Directory.Build.props
	EndProjectSection
EndProject
Project("{2150E333-8FDC-42A3-9474-1A3956D46DE8}") = "Controls", "Controls", "{558F1916-1B04-43DD-A85B-D6A6507C9A1A}"
EndProject
Project("{9A19103F-16F7-4668-BE54-9A1E7A4F7556}") = "XFiler.Controls", "Controls\XFiler.Controls\XFiler.Controls.csproj", "{2A9B2466-8A7B-4471-9C58-0336E4C22C13}"
EndProject
Project("{2150E333-8FDC-42A3-9474-1A3956D46DE8}") = "Themes", "Themes", "{BD6EC9D1-551A-4334-8FC9-089E78C9F7DC}"
EndProject
Project("{C7167F0D-BC9F-4E6E-AFE1-012C56B48DB5}") = "XFiler.Package", "XFiler.Package\XFiler.Package.wapproj", "{DD2A5725-11EA-450F-8E37-458176E9F773}"
EndProject
Global
	GlobalSection(SolutionConfigurationPlatforms) = preSolution
		Debug|Any CPU = Debug|Any CPU
		Debug|ARM = Debug|ARM
		Debug|ARM64 = Debug|ARM64
		Debug|x64 = Debug|x64
		Debug|x86 = Debug|x86
		Release|Any CPU = Release|Any CPU
		Release|ARM = Release|ARM
		Release|ARM64 = Release|ARM64
		Release|x64 = Release|x64
		Release|x86 = Release|x86
	EndGlobalSection
	GlobalSection(ProjectConfigurationPlatforms) = postSolution
		{D4CF15CA-DFE3-481A-8B5F-E713450DA93F}.Debug|Any CPU.ActiveCfg = Debug|x64
		{D4CF15CA-DFE3-481A-8B5F-E713450DA93F}.Debug|ARM.ActiveCfg = Debug|x64
		{D4CF15CA-DFE3-481A-8B5F-E713450DA93F}.Debug|ARM64.ActiveCfg = Debug|x64
		{D4CF15CA-DFE3-481A-8B5F-E713450DA93F}.Debug|x64.ActiveCfg = Debug|x64
		{D4CF15CA-DFE3-481A-8B5F-E713450DA93F}.Debug|x64.Build.0 = Debug|x64
		{D4CF15CA-DFE3-481A-8B5F-E713450DA93F}.Debug|x86.ActiveCfg = Debug|x64
		{D4CF15CA-DFE3-481A-8B5F-E713450DA93F}.Release|Any CPU.ActiveCfg = Release|x64
		{D4CF15CA-DFE3-481A-8B5F-E713450DA93F}.Release|ARM.ActiveCfg = Release|x64
		{D4CF15CA-DFE3-481A-8B5F-E713450DA93F}.Release|ARM64.ActiveCfg = Release|x64
		{D4CF15CA-DFE3-481A-8B5F-E713450DA93F}.Release|x64.ActiveCfg = Release|x64
		{D4CF15CA-DFE3-481A-8B5F-E713450DA93F}.Release|x64.Build.0 = Release|x64
		{D4CF15CA-DFE3-481A-8B5F-E713450DA93F}.Release|x86.ActiveCfg = Release|x64
		{A7787238-3B49-4DF9-81A7-FDF283B57317}.Debug|Any CPU.ActiveCfg = Debug|x64
		{A7787238-3B49-4DF9-81A7-FDF283B57317}.Debug|ARM.ActiveCfg = Debug|x64
		{A7787238-3B49-4DF9-81A7-FDF283B57317}.Debug|ARM64.ActiveCfg = Debug|x64
		{A7787238-3B49-4DF9-81A7-FDF283B57317}.Debug|x64.ActiveCfg = Debug|x64
		{A7787238-3B49-4DF9-81A7-FDF283B57317}.Debug|x64.Build.0 = Debug|x64
		{A7787238-3B49-4DF9-81A7-FDF283B57317}.Debug|x86.ActiveCfg = Debug|x64
		{A7787238-3B49-4DF9-81A7-FDF283B57317}.Release|Any CPU.ActiveCfg = Release|x64
		{A7787238-3B49-4DF9-81A7-FDF283B57317}.Release|ARM.ActiveCfg = Release|x64
		{A7787238-3B49-4DF9-81A7-FDF283B57317}.Release|ARM64.ActiveCfg = Release|x64
		{A7787238-3B49-4DF9-81A7-FDF283B57317}.Release|x64.ActiveCfg = Release|x64
		{A7787238-3B49-4DF9-81A7-FDF283B57317}.Release|x64.Build.0 = Release|x64
		{A7787238-3B49-4DF9-81A7-FDF283B57317}.Release|x86.ActiveCfg = Release|x64
		{30EE3604-B9CF-4F0C-AD10-9259D8BEF0A4}.Debug|Any CPU.ActiveCfg = Debug|x64
		{30EE3604-B9CF-4F0C-AD10-9259D8BEF0A4}.Debug|ARM.ActiveCfg = Debug|x64
		{30EE3604-B9CF-4F0C-AD10-9259D8BEF0A4}.Debug|ARM64.ActiveCfg = Debug|x64
		{30EE3604-B9CF-4F0C-AD10-9259D8BEF0A4}.Debug|x64.ActiveCfg = Debug|x64
		{30EE3604-B9CF-4F0C-AD10-9259D8BEF0A4}.Debug|x64.Build.0 = Debug|x64
		{30EE3604-B9CF-4F0C-AD10-9259D8BEF0A4}.Debug|x86.ActiveCfg = Debug|x64
		{30EE3604-B9CF-4F0C-AD10-9259D8BEF0A4}.Release|Any CPU.ActiveCfg = Release|x64
		{30EE3604-B9CF-4F0C-AD10-9259D8BEF0A4}.Release|ARM.ActiveCfg = Release|x64
		{30EE3604-B9CF-4F0C-AD10-9259D8BEF0A4}.Release|ARM64.ActiveCfg = Release|x64
		{30EE3604-B9CF-4F0C-AD10-9259D8BEF0A4}.Release|x64.ActiveCfg = Release|x64
		{30EE3604-B9CF-4F0C-AD10-9259D8BEF0A4}.Release|x64.Build.0 = Release|x64
		{30EE3604-B9CF-4F0C-AD10-9259D8BEF0A4}.Release|x86.ActiveCfg = Release|x64
		{B99E18DE-A09E-43DD-A152-2E1B4727A053}.Debug|Any CPU.ActiveCfg = Debug|x64
		{B99E18DE-A09E-43DD-A152-2E1B4727A053}.Debug|ARM.ActiveCfg = Debug|x64
		{B99E18DE-A09E-43DD-A152-2E1B4727A053}.Debug|ARM64.ActiveCfg = Debug|x64
		{B99E18DE-A09E-43DD-A152-2E1B4727A053}.Debug|x64.ActiveCfg = Debug|x64
		{B99E18DE-A09E-43DD-A152-2E1B4727A053}.Debug|x64.Build.0 = Debug|x64
		{B99E18DE-A09E-43DD-A152-2E1B4727A053}.Debug|x86.ActiveCfg = Debug|x64
		{B99E18DE-A09E-43DD-A152-2E1B4727A053}.Release|Any CPU.ActiveCfg = Release|x64
		{B99E18DE-A09E-43DD-A152-2E1B4727A053}.Release|ARM.ActiveCfg = Release|x64
		{B99E18DE-A09E-43DD-A152-2E1B4727A053}.Release|ARM64.ActiveCfg = Release|x64
		{B99E18DE-A09E-43DD-A152-2E1B4727A053}.Release|x64.ActiveCfg = Release|x64
		{B99E18DE-A09E-43DD-A152-2E1B4727A053}.Release|x64.Build.0 = Release|x64
		{B99E18DE-A09E-43DD-A152-2E1B4727A053}.Release|x86.ActiveCfg = Release|x64
		{B0E649D5-A8DC-48D6-B702-0DC386905AA6}.Debug|Any CPU.ActiveCfg = Debug|x64
		{B0E649D5-A8DC-48D6-B702-0DC386905AA6}.Debug|ARM.ActiveCfg = Debug|x64
		{B0E649D5-A8DC-48D6-B702-0DC386905AA6}.Debug|ARM64.ActiveCfg = Debug|x64
		{B0E649D5-A8DC-48D6-B702-0DC386905AA6}.Debug|x64.ActiveCfg = Debug|x64
		{B0E649D5-A8DC-48D6-B702-0DC386905AA6}.Debug|x64.Build.0 = Debug|x64
		{B0E649D5-A8DC-48D6-B702-0DC386905AA6}.Debug|x86.ActiveCfg = Debug|x64
		{B0E649D5-A8DC-48D6-B702-0DC386905AA6}.Release|Any CPU.ActiveCfg = Release|x64
		{B0E649D5-A8DC-48D6-B702-0DC386905AA6}.Release|ARM.ActiveCfg = Release|x64
		{B0E649D5-A8DC-48D6-B702-0DC386905AA6}.Release|ARM64.ActiveCfg = Release|x64
		{B0E649D5-A8DC-48D6-B702-0DC386905AA6}.Release|x64.ActiveCfg = Release|x64
		{B0E649D5-A8DC-48D6-B702-0DC386905AA6}.Release|x64.Build.0 = Release|x64
		{B0E649D5-A8DC-48D6-B702-0DC386905AA6}.Release|x86.ActiveCfg = Release|x64
		{2A9B2466-8A7B-4471-9C58-0336E4C22C13}.Debug|Any CPU.ActiveCfg = Debug|x64
		{2A9B2466-8A7B-4471-9C58-0336E4C22C13}.Debug|ARM.ActiveCfg = Debug|x64
		{2A9B2466-8A7B-4471-9C58-0336E4C22C13}.Debug|ARM64.ActiveCfg = Debug|x64
		{2A9B2466-8A7B-4471-9C58-0336E4C22C13}.Debug|x64.ActiveCfg = Debug|x64
		{2A9B2466-8A7B-4471-9C58-0336E4C22C13}.Debug|x64.Build.0 = Debug|x64
		{2A9B2466-8A7B-4471-9C58-0336E4C22C13}.Debug|x86.ActiveCfg = Debug|x64
		{2A9B2466-8A7B-4471-9C58-0336E4C22C13}.Release|Any CPU.ActiveCfg = Release|x64
		{2A9B2466-8A7B-4471-9C58-0336E4C22C13}.Release|ARM.ActiveCfg = Release|x64
		{2A9B2466-8A7B-4471-9C58-0336E4C22C13}.Release|ARM64.ActiveCfg = Release|x64
		{2A9B2466-8A7B-4471-9C58-0336E4C22C13}.Release|x64.ActiveCfg = Release|x64
		{2A9B2466-8A7B-4471-9C58-0336E4C22C13}.Release|x64.Build.0 = Release|x64
		{2A9B2466-8A7B-4471-9C58-0336E4C22C13}.Release|x86.ActiveCfg = Release|x64
		{DD2A5725-11EA-450F-8E37-458176E9F773}.Debug|Any CPU.ActiveCfg = Debug|Any CPU
		{DD2A5725-11EA-450F-8E37-458176E9F773}.Debug|Any CPU.Build.0 = Debug|Any CPU
		{DD2A5725-11EA-450F-8E37-458176E9F773}.Debug|Any CPU.Deploy.0 = Debug|Any CPU
		{DD2A5725-11EA-450F-8E37-458176E9F773}.Debug|ARM.ActiveCfg = Debug|ARM
		{DD2A5725-11EA-450F-8E37-458176E9F773}.Debug|ARM.Build.0 = Debug|ARM
		{DD2A5725-11EA-450F-8E37-458176E9F773}.Debug|ARM.Deploy.0 = Debug|ARM
		{DD2A5725-11EA-450F-8E37-458176E9F773}.Debug|ARM64.ActiveCfg = Debug|ARM64
		{DD2A5725-11EA-450F-8E37-458176E9F773}.Debug|ARM64.Build.0 = Debug|ARM64
		{DD2A5725-11EA-450F-8E37-458176E9F773}.Debug|ARM64.Deploy.0 = Debug|ARM64
		{DD2A5725-11EA-450F-8E37-458176E9F773}.Debug|x64.ActiveCfg = Debug|x64
		{DD2A5725-11EA-450F-8E37-458176E9F773}.Debug|x64.Build.0 = Debug|x64
		{DD2A5725-11EA-450F-8E37-458176E9F773}.Debug|x64.Deploy.0 = Debug|x64
		{DD2A5725-11EA-450F-8E37-458176E9F773}.Debug|x86.ActiveCfg = Debug|x86
		{DD2A5725-11EA-450F-8E37-458176E9F773}.Debug|x86.Build.0 = Debug|x86
		{DD2A5725-11EA-450F-8E37-458176E9F773}.Debug|x86.Deploy.0 = Debug|x86
		{DD2A5725-11EA-450F-8E37-458176E9F773}.Release|Any CPU.ActiveCfg = Release|Any CPU
		{DD2A5725-11EA-450F-8E37-458176E9F773}.Release|Any CPU.Build.0 = Release|Any CPU
		{DD2A5725-11EA-450F-8E37-458176E9F773}.Release|Any CPU.Deploy.0 = Release|Any CPU
		{DD2A5725-11EA-450F-8E37-458176E9F773}.Release|ARM.ActiveCfg = Release|ARM
		{DD2A5725-11EA-450F-8E37-458176E9F773}.Release|ARM.Build.0 = Release|ARM
		{DD2A5725-11EA-450F-8E37-458176E9F773}.Release|ARM.Deploy.0 = Release|ARM
		{DD2A5725-11EA-450F-8E37-458176E9F773}.Release|ARM64.ActiveCfg = Release|ARM64
		{DD2A5725-11EA-450F-8E37-458176E9F773}.Release|ARM64.Build.0 = Release|ARM64
		{DD2A5725-11EA-450F-8E37-458176E9F773}.Release|ARM64.Deploy.0 = Release|ARM64
		{DD2A5725-11EA-450F-8E37-458176E9F773}.Release|x64.ActiveCfg = Release|x64
		{DD2A5725-11EA-450F-8E37-458176E9F773}.Release|x64.Build.0 = Release|x64
		{DD2A5725-11EA-450F-8E37-458176E9F773}.Release|x64.Deploy.0 = Release|x64
		{DD2A5725-11EA-450F-8E37-458176E9F773}.Release|x86.ActiveCfg = Release|x86
		{DD2A5725-11EA-450F-8E37-458176E9F773}.Release|x86.Build.0 = Release|x86
		{DD2A5725-11EA-450F-8E37-458176E9F773}.Release|x86.Deploy.0 = Release|x86
	EndGlobalSection
	GlobalSection(SolutionProperties) = preSolution
		HideSolutionNode = FALSE
	EndGlobalSection
	GlobalSection(NestedProjects) = preSolution
		{A7787238-3B49-4DF9-81A7-FDF283B57317} = {238F966F-4A92-455E-8B96-E329A3C67A9B}
		{30EE3604-B9CF-4F0C-AD10-9259D8BEF0A4} = {15ACF1E9-FF7D-4934-B3E0-A7783F2F0838}
		{B99E18DE-A09E-43DD-A152-2E1B4727A053} = {BD6EC9D1-551A-4334-8FC9-089E78C9F7DC}
		{B0E649D5-A8DC-48D6-B702-0DC386905AA6} = {BD6EC9D1-551A-4334-8FC9-089E78C9F7DC}
		{2A9B2466-8A7B-4471-9C58-0336E4C22C13} = {558F1916-1B04-43DD-A85B-D6A6507C9A1A}
	EndGlobalSection
	GlobalSection(ExtensibilityGlobals) = postSolution
		SolutionGuid = {B25000C6-E314-45E7-874B-69C955B90F19}
	EndGlobalSection
EndGlobal
